{
  "version": 1,
  "dependencies": {
    "net10.0": {
      "Microsoft.NET.ILLink.Tasks": {
        "type": "Direct",
        "requested": "[10.0.8, )",
        "resolved": "10.0.8",
        "contentHash": "dVbSXGIFNR5nZcv2tOLoWI+a9T4jtFd77IYjuND+QVe360qWgAF7H0WtoopYhRw/+SgpGUTyrkrh+65+ClNnfw=="
      },
      "qx.core": {
        "type": "Project"
      },
      "qx.interception": {
        "type": "Project",
        "dependencies": {
          "QX.Core": "[0.1.0, )",
          "QX.Protocol": "[0.1.0, )",
          "QX.Wire": "[0.1.0, )"
        }
      },
      "qx.model": {
        "type": "Project",
        "dependencies": {
          "QX.Wire": "[0.1.0, )"
        }
      },
      "qx.protocol": {
        "type": "Project",
        "dependencies": {
          "QX.Wire": "[0.1.0, )"
        }
      },
      "qx.wire": {
        "type": "Project"
      }
    },
    "net10.0/win-x64": {}
  }
}